{
  "version": "5",
  "specifiers": {
    "jsr:@nyoon/base@^2.1.1": "2.1.1",
    "jsr:@nyoon/csv@^1.0.9": "1.0.9",
    "jsr:@nyoon/schema@1": "1.0.0",
    "jsr:@nyoon/x25519@^1.0.7": "1.0.7",
    "jsr:@std/assert@^1.0.13": "1.0.13",
    "jsr:@std/internal@^1.0.6": "1.0.8",
    "npm:fast-check@^4.1.1": "4.1.1"
  },
  "jsr": {
    "@nyoon/base@2.1.1": {
      "integrity": "4294f837349b76cb8ffb8e8a2f91de19565324cb2dd8f0e421f44cddf7e71168"
    },
    "@nyoon/csv@1.0.9": {
      "integrity": "35ef391114e0f8da7cf7ba5ce11e2fb475af1af35854a99ba617cc35bf117ce5"
    },
    "@nyoon/schema@1.0.0": {
      "integrity": "adb7f5811954e5dfd51785611abcfbfb6f58b710da9b3971da959f3b09c188aa",
      "dependencies": [
        "jsr:@nyoon/base"
      ]
    },
    "@nyoon/x25519@1.0.7": {
      "integrity": "47d166dc0c5b1b30503f36ebec64fbe70f270e97ed941ee07569612bfb38c1bd"
    },
    "@std/assert@1.0.13": {
      "integrity": "ae0d31e41919b12c656c742b22522c32fb26ed0cba32975cb0de2a273cb68b29",
      "dependencies": [
        "jsr:@std/internal"
      ]
    },
    "@std/internal@1.0.8": {
      "integrity": "fc66e846d8d38a47cffd274d80d2ca3f0de71040f855783724bb6b87f60891f5"
    }
  },
  "npm": {
    "fast-check@4.1.1": {
      "integrity": "sha512-8+yQYeNYqBfWem0Nmm7BUnh27wm+qwGvI0xln60c8RPM5rVekxZf/Ildng2GNBfjaG6utIebFmVBPlNtZlBLxg==",
      "dependencies": [
        "pure-rand"
      ]
    },
    "pure-rand@7.0.1": {
      "integrity": "sha512-oTUZM/NAZS8p7ANR3SHh30kXB+zK2r2BPcEn/awJIbOvq82WoMN4p62AWWp3Hhw50G0xMsw1mhIBLqHw64EcNQ=="
    }
  },
  "workspace": {
    "dependencies": [
      "jsr:@nyoon/base@^2.1.1"
    ]
  }
}
